
Microsoft Visual Studio Solution File, Format Version 12.00
# Visual Studio Version 17
VisualStudioVersion = 17.4.33213.308
MinimumVisualStudioVersion = 10.0.40219.1
Project("{F184B08F-C81C-45F6-A57F-5ABD9991F28F}") = "WinFormsApp1", "WinFormsApp1\WinFormsApp1.vbproj", "{3E0C0B74-0146-48A9-B37E-13366D195329}"
EndProject
Global
	GlobalSection(SolutionConfigurationPlatforms) = preSolution
		Debug|Any CPU = Debug|Any CPU
		Release|Any CPU = Release|Any CPU
	EndGlobalSection
	GlobalSection(ProjectConfigurationPlatforms) = postSolution
		{3E0C0B74-0146-48A9-B37E-13366D195329}.Debug|Any CPU.ActiveCfg = Debug|Any CPU
		{3E0C0B74-0146-48A9-B37E-13366D195329}.Debug|Any CPU.Build.0 = Debug|Any CPU
		{3E0C0B74-0146-48A9-B37E-13366D195329}.Release|Any CPU.ActiveCfg = Release|Any CPU
		{3E0C0B74-0146-48A9-B37E-13366D195329}.Release|Any CPU.Build.0 = Release|Any CPU
	EndGlobalSection
	GlobalSection(SolutionProperties) = preSolution
		HideSolutionNode = FALSE
	EndGlobalSection
	GlobalSection(ExtensibilityGlobals) = postSolution
		SolutionGuid = {F694B521-79DE-456C-A788-AA9455264715}
	EndGlobalSection
EndGlobal
